<?xml version="1.0" encoding="utf-8"?>
<Project ToolsVersion="4.0" xmlns="http://schemas.microsoft.com/developer/msbuild/2003">
  <ItemGroup>
    <Filter Include="소스 파일">
      <UniqueIdentifier>{4FC737F1-C7A5-4376-A066-2A32D752A2FF}</UniqueIdentifier>
      <Extensions>cpp;c;cc;cxx;c++;cppm;ixx;def;odl;idl;hpj;bat;asm;asmx</Extensions>
    </Filter>
    <Filter Include="헤더 파일">
      <UniqueIdentifier>{93995380-89BD-4b04-88EB-625FBE52EBFB}</UniqueIdentifier>
      <Extensions>h;hh;hpp;hxx;h++;hm;inl;inc;ipp;xsd</Extensions>
    </Filter>
    <Filter Include="리소스 파일">
      <UniqueIdentifier>{67DA6AB6-F800-4c08-8B7A-83BB121AAD01}</UniqueIdentifier>
      <Extensions>rc;ico;cur;bmp;dlg;rc2;rct;bin;rgs;gif;jpg;jpeg;jpe;resx;tiff;tif;png;wav;mfcribbon-ms</Extensions>
    </Filter>
    <Filter Include="ObjectManager">
      <UniqueIdentifier>{8cbf7a65-4270-420e-885e-dfaa86ae51e4}</UniqueIdentifier>
    </Filter>
    <Filter Include="GameProcess">
      <UniqueIdentifier>{a8eab17c-2f02-4d88-816e-f21a108e495c}</UniqueIdentifier>
    </Filter>
    <Filter Include="WinMain">
      <UniqueIdentifier>{e33dae01-9f7e-4523-8ea5-a77d8c6dcddf}</UniqueIdentifier>
    </Filter>
    <Filter Include="Scene">
      <UniqueIdentifier>{d40c7761-5c18-4f0c-94e2-9d85586a1f4f}</UniqueIdentifier>
    </Filter>
    <Filter Include="Json">
      <UniqueIdentifier>{62133012-9c76-402d-bbc5-0b4a85875831}</UniqueIdentifier>
    </Filter>
    <Filter Include="Debug">
      <UniqueIdentifier>{b9f029fb-6d16-411e-a2d3-5934f6a71070}</UniqueIdentifier>
    </Filter>
  </ItemGroup>
  <ItemGroup>
    <ClInclude Include="framework.h">
      <Filter>헤더 파일</Filter>
    </ClInclude>
    <ClInclude Include="targetver.h">
      <Filter>헤더 파일</Filter>
    </ClInclude>
    <ClInclude Include="Resource.h">
      <Filter>헤더 파일</Filter>
    </ClInclude>
    <ClInclude Include="IScene.h">
      <Filter>헤더 파일</Filter>
    </ClInclude>
    <ClInclude Include="pch.h">
      <Filter>헤더 파일</Filter>
    </ClInclude>
    <ClInclude Include="ResourceManager.h">
      <Filter>헤더 파일</Filter>
    </ClInclude>
    <ClInclude Include="SoundManager.h">
      <Filter>헤더 파일</Filter>
    </ClInclude>
    <ClInclude Include="GameProcess.h">
      <Filter>GameProcess</Filter>
    </ClInclude>
    <ClInclude Include="..\Json\json.h">
      <Filter>Json</Filter>
    </ClInclude>
    <ClInclude Include="..\Json\json-forwards.h">
      <Filter>Json</Filter>
    </ClInclude>
    <ClInclude Include="Debug.h">
      <Filter>Debug</Filter>
    </ClInclude>
    <ClInclude Include="tGameObject.h">
      <Filter>ObjectManager</Filter>
    </ClInclude>
    <ClInclude Include="tInteractionObject.h">
      <Filter>ObjectManager</Filter>
    </ClInclude>
    <ClInclude Include="tObject.h">
      <Filter>ObjectManager</Filter>
    </ClInclude>
    <ClInclude Include="tObjectManager.h">
      <Filter>ObjectManager</Filter>
    </ClInclude>
    <ClInclude Include="tPlayer.h">
      <Filter>ObjectManager</Filter>
    </ClInclude>
    <ClInclude Include="tTextBox.h">
      <Filter>ObjectManager</Filter>
    </ClInclude>
    <ClInclude Include="tIntroTitleScene.h">
      <Filter>Scene</Filter>
    </ClInclude>
    <ClInclude Include="tInputManager.h">
      <Filter>헤더 파일</Filter>
    </ClInclude>
    <ClInclude Include="tSceneManager.h">
      <Filter>Scene</Filter>
    </ClInclude>
    <ClInclude Include="FAudio.h">
      <Filter>헤더 파일</Filter>
    </ClInclude>
  </ItemGroup>
  <ItemGroup>
    <ResourceCompile Include="JJEngine_Demo.rc">
      <Filter>리소스 파일</Filter>
    </ResourceCompile>
  </ItemGroup>
  <ItemGroup>
    <Image Include="small.ico">
      <Filter>리소스 파일</Filter>
    </Image>
    <Image Include="JJEngine_Demo.ico">
      <Filter>리소스 파일</Filter>
    </Image>
  </ItemGroup>
  <ItemGroup>
    <ClCompile Include="pch.cpp">
      <Filter>소스 파일</Filter>
    </ClCompile>
    <ClCompile Include="ResourceManager.cpp">
      <Filter>소스 파일</Filter>
    </ClCompile>
    <ClCompile Include="SoundManager.cpp">
      <Filter>소스 파일</Filter>
    </ClCompile>
    <ClCompile Include="WinMain.cpp">
      <Filter>소스 파일</Filter>
    </ClCompile>
    <ClCompile Include="GameProcess.cpp">
      <Filter>GameProcess</Filter>
    </ClCompile>
    <ClCompile Include="..\Json\jsoncpp.cpp">
      <Filter>Json</Filter>
    </ClCompile>
    <ClCompile Include="Debug.cpp">
      <Filter>Debug</Filter>
    </ClCompile>
    <ClCompile Include="tGameObject.cpp">
      <Filter>ObjectManager</Filter>
    </ClCompile>
    <ClCompile Include="tInteractionObject.cpp">
      <Filter>ObjectManager</Filter>
    </ClCompile>
    <ClCompile Include="tObject.cpp">
      <Filter>ObjectManager</Filter>
    </ClCompile>
    <ClCompile Include="tObjectManager.cpp">
      <Filter>ObjectManager</Filter>
    </ClCompile>
    <ClCompile Include="tPlayer.cpp">
      <Filter>ObjectManager</Filter>
    </ClCompile>
    <ClCompile Include="tTextBox.cpp">
      <Filter>ObjectManager</Filter>
    </ClCompile>
    <ClCompile Include="tIntroTitleScene.cpp">
      <Filter>Scene</Filter>
    </ClCompile>
    <ClCompile Include="tInputManager.cpp">
      <Filter>소스 파일</Filter>
    </ClCompile>
    <ClCompile Include="tSceneManager.cpp">
      <Filter>Scene</Filter>
    </ClCompile>
    <ClCompile Include="FAudio.cpp">
      <Filter>소스 파일</Filter>
    </ClCompile>
  </ItemGroup>
</Project>